
Microsoft Visual Studio Solution File, Format Version 12.00
# Visual Studio Version 16
VisualStudioVersion = 16.0.29411.108
MinimumVisualStudioVersion = 10.0.40219.1
Project("{FAE04EC0-301F-11D3-BF4B-00C04F79EFBC}") = "Tastyfy", "Tastyfy\Tastyfy.csproj", "{C5D2D451-A9C6-403B-A5CB-C02AE1399A62}"
EndProject
Project("{FAE04EC0-301F-11D3-BF4B-00C04F79EFBC}") = "Tastyfy.DataAccess", "Tastyfy.DataAccess\Tastyfy.DataAccess.csproj", "{20AA8B2C-D793-497B-A5FC-660017F24768}"
EndProject
Project("{FAE04EC0-301F-11D3-BF4B-00C04F79EFBC}") = "Tastyfy.Models", "Tastyfy.Models\Tastyfy.Models.csproj", "{61BAFE7B-666C-49C1-924A-05C7DBB00325}"
EndProject
Project("{FAE04EC0-301F-11D3-BF4B-00C04F79EFBC}") = "Tastyfy.Utility", "Tastyfy.Utility\Tastyfy.Utility.csproj", "{B6D9A5E7-48E9-4474-8C7B-EBF7A88AFA5C}"
EndProject
Global
	GlobalSection(SolutionConfigurationPlatforms) = preSolution
		Debug|Any CPU = Debug|Any CPU
		Release|Any CPU = Release|Any CPU
	EndGlobalSection
	GlobalSection(ProjectConfigurationPlatforms) = postSolution
		{C5D2D451-A9C6-403B-A5CB-C02AE1399A62}.Debug|Any CPU.ActiveCfg = Debug|Any CPU
		{C5D2D451-A9C6-403B-A5CB-C02AE1399A62}.Debug|Any CPU.Build.0 = Debug|Any CPU
		{C5D2D451-A9C6-403B-A5CB-C02AE1399A62}.Release|Any CPU.ActiveCfg = Release|Any CPU
		{C5D2D451-A9C6-403B-A5CB-C02AE1399A62}.Release|Any CPU.Build.0 = Release|Any CPU
		{20AA8B2C-D793-497B-A5FC-660017F24768}.Debug|Any CPU.ActiveCfg = Debug|Any CPU
		{20AA8B2C-D793-497B-A5FC-660017F24768}.Debug|Any CPU.Build.0 = Debug|Any CPU
		{20AA8B2C-D793-497B-A5FC-660017F24768}.Release|Any CPU.ActiveCfg = Release|Any CPU
		{20AA8B2C-D793-497B-A5FC-660017F24768}.Release|Any CPU.Build.0 = Release|Any CPU
		{61BAFE7B-666C-49C1-924A-05C7DBB00325}.Debug|Any CPU.ActiveCfg = Debug|Any CPU
		{61BAFE7B-666C-49C1-924A-05C7DBB00325}.Debug|Any CPU.Build.0 = Debug|Any CPU
		{61BAFE7B-666C-49C1-924A-05C7DBB00325}.Release|Any CPU.ActiveCfg = Release|Any CPU
		{61BAFE7B-666C-49C1-924A-05C7DBB00325}.Release|Any CPU.Build.0 = Release|Any CPU
		{B6D9A5E7-48E9-4474-8C7B-EBF7A88AFA5C}.Debug|Any CPU.ActiveCfg = Debug|Any CPU
		{B6D9A5E7-48E9-4474-8C7B-EBF7A88AFA5C}.Debug|Any CPU.Build.0 = Debug|Any CPU
		{B6D9A5E7-48E9-4474-8C7B-EBF7A88AFA5C}.Release|Any CPU.ActiveCfg = Release|Any CPU
		{B6D9A5E7-48E9-4474-8C7B-EBF7A88AFA5C}.Release|Any CPU.Build.0 = Release|Any CPU
	EndGlobalSection
	GlobalSection(SolutionProperties) = preSolution
		HideSolutionNode = FALSE
	EndGlobalSection
	GlobalSection(ExtensibilityGlobals) = postSolution
		SolutionGuid = {5E651FFE-6187-42A9-B456-6C439C05DA4C}
	EndGlobalSection
EndGlobal
